
Microsoft Visual Studio Solution File, Format Version 12.00
# Visual Studio Version 17
VisualStudioVersion = 17.4.33213.308
MinimumVisualStudioVersion = 10.0.40219.1
Project("{FAE04EC0-301F-11D3-BF4B-00C04F79EFBC}") = "Diziler uygulama", "Diziler uygulama\Diziler uygulama.csproj", "{1DA019C1-56C4-44EC-8252-CF2E4B07A765}"
EndProject
Global
	GlobalSection(SolutionConfigurationPlatforms) = preSolution
		Debug|Any CPU = Debug|Any CPU
		Release|Any CPU = Release|Any CPU
	EndGlobalSection
	GlobalSection(ProjectConfigurationPlatforms) = postSolution
		{1DA019C1-56C4-44EC-8252-CF2E4B07A765}.Debug|Any CPU.ActiveCfg = Debug|Any CPU
		{1DA019C1-56C4-44EC-8252-CF2E4B07A765}.Debug|Any CPU.Build.0 = Debug|Any CPU
		{1DA019C1-56C4-44EC-8252-CF2E4B07A765}.Release|Any CPU.ActiveCfg = Release|Any CPU
		{1DA019C1-56C4-44EC-8252-CF2E4B07A765}.Release|Any CPU.Build.0 = Release|Any CPU
	EndGlobalSection
	GlobalSection(SolutionProperties) = preSolution
		HideSolutionNode = FALSE
	EndGlobalSection
	GlobalSection(ExtensibilityGlobals) = postSolution
		SolutionGuid = {7F13E92B-D921-4B0B-AFE1-A68C906CA842}
	EndGlobalSection
EndGlobal
