
Microsoft Visual Studio Solution File, Format Version 12.00
# Visual Studio Version 17
VisualStudioVersion = 17.4.33213.308
MinimumVisualStudioVersion = 10.0.40219.1
Project("{FAE04EC0-301F-11D3-BF4B-00C04F79EFBC}") = "hmm", "hmm\hmm.csproj", "{48A5DD91-566F-4BD4-81C0-DF00E76542B3}"
EndProject
Global
	GlobalSection(SolutionConfigurationPlatforms) = preSolution
		Debug|Any CPU = Debug|Any CPU
		Release|Any CPU = Release|Any CPU
	EndGlobalSection
	GlobalSection(ProjectConfigurationPlatforms) = postSolution
		{48A5DD91-566F-4BD4-81C0-DF00E76542B3}.Debug|Any CPU.ActiveCfg = Debug|Any CPU
		{48A5DD91-566F-4BD4-81C0-DF00E76542B3}.Debug|Any CPU.Build.0 = Debug|Any CPU
		{48A5DD91-566F-4BD4-81C0-DF00E76542B3}.Release|Any CPU.ActiveCfg = Release|Any CPU
		{48A5DD91-566F-4BD4-81C0-DF00E76542B3}.Release|Any CPU.Build.0 = Release|Any CPU
	EndGlobalSection
	GlobalSection(SolutionProperties) = preSolution
		HideSolutionNode = FALSE
	EndGlobalSection
	GlobalSection(ExtensibilityGlobals) = postSolution
		SolutionGuid = {435C5C1C-F97E-4764-8D21-382A763A1E1F}
	EndGlobalSection
EndGlobal
